
Microsoft Visual Studio Solution File, Format Version 12.00
Project("{FAE04EC0-301F-11D3-BF4B-00C04F79EFBC}") = "ExRatesSharp", "ExRatesSharp\ExRatesSharp.csproj", "{A2AF3801-8147-475E-8B1D-B283D595F98C}"
EndProject
Project("{FAE04EC0-301F-11D3-BF4B-00C04F79EFBC}") = "ExRatesSharp.Tests", "ExRatesSharp.Tests\ExRatesSharp.Tests.csproj", "{0AD3A0CE-7DFC-474D-8F2E-2E65648639C0}"
EndProject
Global
	GlobalSection(SolutionConfigurationPlatforms) = preSolution
		Debug|Any CPU = Debug|Any CPU
		Release|Any CPU = Release|Any CPU
	EndGlobalSection
	GlobalSection(ProjectConfigurationPlatforms) = postSolution
		{A2AF3801-8147-475E-8B1D-B283D595F98C}.Debug|Any CPU.ActiveCfg = Debug|Any CPU
		{A2AF3801-8147-475E-8B1D-B283D595F98C}.Debug|Any CPU.Build.0 = Debug|Any CPU
		{A2AF3801-8147-475E-8B1D-B283D595F98C}.Release|Any CPU.ActiveCfg = Release|Any CPU
		{A2AF3801-8147-475E-8B1D-B283D595F98C}.Release|Any CPU.Build.0 = Release|Any CPU
		{0AD3A0CE-7DFC-474D-8F2E-2E65648639C0}.Debug|Any CPU.ActiveCfg = Debug|Any CPU
		{0AD3A0CE-7DFC-474D-8F2E-2E65648639C0}.Debug|Any CPU.Build.0 = Debug|Any CPU
		{0AD3A0CE-7DFC-474D-8F2E-2E65648639C0}.Release|Any CPU.ActiveCfg = Release|Any CPU
		{0AD3A0CE-7DFC-474D-8F2E-2E65648639C0}.Release|Any CPU.Build.0 = Release|Any CPU
	EndGlobalSection
EndGlobal
